// !$*UTF8*$!
{
	archiveVersion = 1;
	classes = {
	};
	objectVersion = 46;
	objects = {

/* Begin PBXBuildFile section */
		B8C6489D19D305EA006785CC /* AppDelegate.swift in Sources */ = {isa = PBXBuildFile; fileRef = B8C6489C19D305EA006785CC /* AppDelegate.swift */; };
		B8C6489F19D305EA006785CC /* ViewController.swift in Sources */ = {isa = PBXBuildFile; fileRef = B8C6489E19D305EA006785CC /* ViewController.swift */; };
		B8C648A219D305EA006785CC /* Main.storyboard in Resources */ = {isa = PBXBuildFile; fileRef = B8C648A019D305EA006785CC /* Main.storyboard */; };
		B8C648A419D305EA006785CC /* Images.xcassets in Resources */ = {isa = PBXBuildFile; fileRef = B8C648A319D305EA006785CC /* Images.xcassets */; };
		B8C648A719D305EA006785CC /* LaunchScreen.xib in Resources */ = {isa = PBXBuildFile; fileRef = B8C648A519D305EA006785CC /* LaunchScreen.xib */; };
		B8C648B319D305EA006785CC /* SwiftLazyLoadingTests.swift in Sources */ = {isa = PBXBuildFile; fileRef = B8C648B219D305EA006785CC /* SwiftLazyLoadingTests.swift */; };
		B8C648C219D34414006785CC /* ParseOperation.swift in Sources */ = {isa = PBXBuildFile; fileRef = B8C648C119D34414006785CC /* ParseOperation.swift */; };
		B8C648C419D34AAA006785CC /* AppRecord.swift in Sources */ = {isa = PBXBuildFile; fileRef = B8C648C319D34AAA006785CC /* AppRecord.swift */; };
		B8C648C619D5A064006785CC /* IconDownloader.swift in Sources */ = {isa = PBXBuildFile; fileRef = B8C648C519D5A064006785CC /* IconDownloader.swift */; };
		B8C648C919D5E731006785CC /* Placeholder.png in Resources */ = {isa = PBXBuildFile; fileRef = B8C648C719D5E730006785CC /* Placeholder.png */; };
		B8C648CA19D5E731006785CC /* Placeholder@2x.png in Resources */ = {isa = PBXBuildFile; fileRef = B8C648C819D5E731006785CC /* Placeholder@2x.png */; };
/* End PBXBuildFile section */

/* Begin PBXContainerItemProxy section */
		B8C648AD19D305EA006785CC /* PBXContainerItemProxy */ = {
			isa = PBXContainerItemProxy;
			containerPortal = B8C6488F19D305EA006785CC /* Project object */;
			proxyType = 1;
			remoteGlobalIDString = B8C6489619D305EA006785CC;
			remoteInfo = SwiftLazyLoading;
		};
/* End PBXContainerItemProxy section */

/* Begin PBXFileReference section */
		B8C6489719D305EA006785CC /* SwiftLazyLoading.app */ = {isa = PBXFileReference; explicitFileType = wrapper.application; includeInIndex = 0; path = SwiftLazyLoading.app; sourceTree = BUILT_PRODUCTS_DIR; };
		B8C6489B19D305EA006785CC /* Info.plist */ = {isa = PBXFileReference; lastKnownFileType = text.plist.xml; path = Info.plist; sourceTree = "<group>"; };
		B8C6489C19D305EA006785CC /* AppDelegate.swift */ = {isa = PBXFileReference; lastKnownFileType = sourcecode.swift; path = AppDelegate.swift; sourceTree = "<group>"; };
		B8C6489E19D305EA006785CC /* ViewController.swift */ = {isa = PBXFileReference; lastKnownFileType = sourcecode.swift; path = ViewController.swift; sourceTree = "<group>"; };
		B8C648A119D305EA006785CC /* Base */ = {isa = PBXFileReference; lastKnownFileType = file.storyboard; name = Base; path = Base.lproj/Main.storyboard; sourceTree = "<group>"; };
		B8C648A319D305EA006785CC /* Images.xcassets */ = {isa = PBXFileReference; lastKnownFileType = folder.assetcatalog; path = Images.xcassets; sourceTree = "<group>"; };
		B8C648A619D305EA006785CC /* Base */ = {isa = PBXFileReference; lastKnownFileType = file.xib; name = Base; path = Base.lproj/LaunchScreen.xib; sourceTree = "<group>"; };
		B8C648AC19D305EA006785CC /* SwiftLazyLoadingTests.xctest */ = {isa = PBXFileReference; explicitFileType = wrapper.cfbundle; includeInIndex = 0; path = SwiftLazyLoadingTests.xctest; sourceTree = BUILT_PRODUCTS_DIR; };
		B8C648B119D305EA006785CC /* Info.plist */ = {isa = PBXFileReference; lastKnownFileType = text.plist.xml; path = Info.plist; sourceTree = "<group>"; };
		B8C648B219D305EA006785CC /* SwiftLazyLoadingTests.swift */ = {isa = PBXFileReference; lastKnownFileType = sourcecode.swift; path = SwiftLazyLoadingTests.swift; sourceTree = "<group>"; };
		B8C648BE19D31BBB006785CC /* SwiftLazyLoading-Bridging-Header.h */ = {isa = PBXFileReference; lastKnownFileType = sourcecode.c.h; path = "SwiftLazyLoading-Bridging-Header.h"; sourceTree = "<group>"; };
		B8C648C119D34414006785CC /* ParseOperation.swift */ = {isa = PBXFileReference; fileEncoding = 4; lastKnownFileType = sourcecode.swift; path = ParseOperation.swift; sourceTree = "<group>"; };
		B8C648C319D34AAA006785CC /* AppRecord.swift */ = {isa = PBXFileReference; fileEncoding = 4; lastKnownFileType = sourcecode.swift; path = AppRecord.swift; sourceTree = "<group>"; };
		B8C648C519D5A064006785CC /* IconDownloader.swift */ = {isa = PBXFileReference; fileEncoding = 4; lastKnownFileType = sourcecode.swift; path = IconDownloader.swift; sourceTree = "<group>"; };
		B8C648C719D5E730006785CC /* Placeholder.png */ = {isa = PBXFileReference; lastKnownFileType = image.png; path = Placeholder.png; sourceTree = "<group>"; };
		B8C648C819D5E731006785CC /* Placeholder@2x.png */ = {isa = PBXFileReference; lastKnownFileType = image.png; path = "Placeholder@2x.png"; sourceTree = "<group>"; };
/* End PBXFileReference section */

/* Begin PBXFrameworksBuildPhase section */
		B8C6489419D305EA006785CC /* Frameworks */ = {
			isa = PBXFrameworksBuildPhase;
			buildActionMask = 2147483647;
			files = (
			);
			runOnlyForDeploymentPostprocessing = 0;
		};
		B8C648A919D305EA006785CC /* Frameworks */ = {
			isa = PBXFrameworksBuildPhase;
			buildActionMask = 2147483647;
			files = (
			);
			runOnlyForDeploymentPostprocessing = 0;
		};
/* End PBXFrameworksBuildPhase section */

/* Begin PBXGroup section */
		B8C6488E19D305EA006785CC = {
			isa = PBXGroup;
			children = (
				B8C6489919D305EA006785CC /* SwiftLazyLoading */,
				B8C648AF19D305EA006785CC /* SwiftLazyLoadingTests */,
				B8C6489819D305EA006785CC /* Products */,
			);
			sourceTree = "<group>";
		};
		B8C6489819D305EA006785CC /* Products */ = {
			isa = PBXGroup;
			children = (
				B8C6489719D305EA006785CC /* SwiftLazyLoading.app */,
				B8C648AC19D305EA006785CC /* SwiftLazyLoadingTests.xctest */,
			);
			name = Products;
			sourceTree = "<group>";
		};
		B8C6489919D305EA006785CC /* SwiftLazyLoading */ = {
			isa = PBXGroup;
			children = (
				B8C6489C19D305EA006785CC /* AppDelegate.swift */,
				B8C6489E19D305EA006785CC /* ViewController.swift */,
				B8C648A019D305EA006785CC /* Main.storyboard */,
				B8C648A319D305EA006785CC /* Images.xcassets */,
				B8C648A519D305EA006785CC /* LaunchScreen.xib */,
				B8C6489A19D305EA006785CC /* Supporting Files */,
				B8C648BE19D31BBB006785CC /* SwiftLazyLoading-Bridging-Header.h */,
				B8C648C119D34414006785CC /* ParseOperation.swift */,
				B8C648C319D34AAA006785CC /* AppRecord.swift */,
				B8C648C519D5A064006785CC /* IconDownloader.swift */,
				B8C648C719D5E730006785CC /* Placeholder.png */,
				B8C648C819D5E731006785CC /* Placeholder@2x.png */,
			);
			path = SwiftLazyLoading;
			sourceTree = "<group>";
		};
		B8C6489A19D305EA006785CC /* Supporting Files */ = {
			isa = PBXGroup;
			children = (
				B8C6489B19D305EA006785CC /* Info.plist */,
			);
			name = "Supporting Files";
			sourceTree = "<group>";
		};
		B8C648AF19D305EA006785CC /* SwiftLazyLoadingTests */ = {
			isa = PBXGroup;
			children = (
				B8C648B219D305EA006785CC /* SwiftLazyLoadingTests.swift */,
				B8C648B019D305EA006785CC /* Supporting Files */,
			);
			path = SwiftLazyLoadingTests;
			sourceTree = "<group>";
		};
		B8C648B019D305EA006785CC /* Supporting Files */ = {
			isa = PBXGroup;
			children = (
				B8C648B119D305EA006785CC /* Info.plist */,
			);
			name = "Supporting Files";
			sourceTree = "<group>";
		};
/* End PBXGroup section */

/* Begin PBXNativeTarget section */
		B8C6489619D305EA006785CC /* SwiftLazyLoading */ = {
			isa = PBXNativeTarget;
			buildConfigurationList = B8C648B619D305EA006785CC /* Build configuration list for PBXNativeTarget "SwiftLazyLoading" */;
			buildPhases = (
				B8C6489319D305EA006785CC /* Sources */,
				B8C6489419D305EA006785CC /* Frameworks */,
				B8C6489519D305EA006785CC /* Resources */,
			);
			buildRules = (
			);
			dependencies = (
			);
			name = SwiftLazyLoading;
			productName = SwiftLazyLoading;
			productReference = B8C6489719D305EA006785CC /* SwiftLazyLoading.app */;
			productType = "com.apple.product-type.application";
		};
		B8C648AB19D305EA006785CC /* SwiftLazyLoadingTests */ = {
			isa = PBXNativeTarget;
			buildConfigurationList = B8C648B919D305EA006785CC /* Build configuration list for PBXNativeTarget "SwiftLazyLoadingTests" */;
			buildPhases = (
				B8C648A819D305EA006785CC /* Sources */,
				B8C648A919D305EA006785CC /* Frameworks */,
				B8C648AA19D305EA006785CC /* Resources */,
			);
			buildRules = (
			);
			dependencies = (
				B8C648AE19D305EA006785CC /* PBXTargetDependency */,
			);
			name = SwiftLazyLoadingTests;
			productName = SwiftLazyLoadingTests;
			productReference = B8C648AC19D305EA006785CC /* SwiftLazyLoadingTests.xctest */;
			productType = "com.apple.product-type.bundle.unit-test";
		};
/* End PBXNativeTarget section */

/* Begin PBXProject section */
		B8C6488F19D305EA006785CC /* Project object */ = {
			isa = PBXProject;
			attributes = {
				LastSwiftMigration = 0700;
				LastSwiftUpdateCheck = 0700;
				LastUpgradeCheck = 0700;
				ORGANIZATIONNAME = "Sathish Kumar";
				TargetAttributes = {
					B8C6489619D305EA006785CC = {
						CreatedOnToolsVersion = 6.0;
					};
					B8C648AB19D305EA006785CC = {
						CreatedOnToolsVersion = 6.0;
						TestTargetID = B8C6489619D305EA006785CC;
					};
				};
			};
			buildConfigurationList = B8C6489219D305EA006785CC /* Build configuration list for PBXProject "SwiftLazyLoading" */;
			compatibilityVersion = "Xcode 3.2";
			developmentRegion = English;
			hasScannedForEncodings = 0;
			knownRegions = (
				en,
				Base,
			);
			mainGroup = B8C6488E19D305EA006785CC;
			productRefGroup = B8C6489819D305EA006785CC /* Products */;
			projectDirPath = "";
			projectRoot = "";
			targets = (
				B8C6489619D305EA006785CC /* SwiftLazyLoading */,
				B8C648AB19D305EA006785CC /* SwiftLazyLoadingTests */,
			);
		};
/* End PBXProject section */

/* Begin PBXResourcesBuildPhase section */
		B8C6489519D305EA006785CC /* Resources */ = {
			isa = PBXResourcesBuildPhase;
			buildActionMask = 2147483647;
			files = (
				B8C648CA19D5E731006785CC /* Placeholder@2x.png in Resources */,
				B8C648A219D305EA006785CC /* Main.storyboard in Resources */,
				B8C648C919D5E731006785CC /* Placeholder.png in Resources */,
				B8C648A719D305EA006785CC /* LaunchScreen.xib in Resources */,
				B8C648A419D305EA006785CC /* Images.xcassets in Resources */,
			);
			runOnlyForDeploymentPostprocessing = 0;
		};
		B8C648AA19D305EA006785CC /* Resources */ = {
			isa = PBXResourcesBuildPhase;
			buildActionMask = 2147483647;
			files = (
			);
			runOnlyForDeploymentPostprocessing = 0;
		};
/* End PBXResourcesBuildPhase section */

/* Begin PBXSourcesBuildPhase section */
		B8C6489319D305EA006785CC /* Sources */ = {
			isa = PBXSourcesBuildPhase;
			buildActionMask = 2147483647;
			files = (
				B8C648C219D34414006785CC /* ParseOperation.swift in Sources */,
				B8C6489F19D305EA006785CC /* ViewController.swift in Sources */,
				B8C648C419D34AAA006785CC /* AppRecord.swift in Sources */,
				B8C648C619D5A064006785CC /* IconDownloader.swift in Sources */,
				B8C6489D19D305EA006785CC /* AppDelegate.swift in Sources */,
			);
			runOnlyForDeploymentPostprocessing = 0;
		};
		B8C648A819D305EA006785CC /* Sources */ = {
			isa = PBXSourcesBuildPhase;
			buildActionMask = 2147483647;
			files = (
				B8C648B319D305EA006785CC /* SwiftLazyLoadingTests.swift in Sources */,
			);
			runOnlyForDeploymentPostprocessing = 0;
		};
/* End PBXSourcesBuildPhase section */

/* Begin PBXTargetDependency section */
		B8C648AE19D305EA006785CC /* PBXTargetDependency */ = {
			isa = PBXTargetDependency;
			target = B8C6489619D305EA006785CC /* SwiftLazyLoading */;
			targetProxy = B8C648AD19D305EA006785CC /* PBXContainerItemProxy */;
		};
/* End PBXTargetDependency section */

/* Begin PBXVariantGroup section */
		B8C648A019D305EA006785CC /* Main.storyboard */ = {
			isa = PBXVariantGroup;
			children = (
				B8C648A119D305EA006785CC /* Base */,
			);
			name = Main.storyboard;
			sourceTree = "<group>";
		};
		B8C648A519D305EA006785CC /* LaunchScreen.xib */ = {
			isa = PBXVariantGroup;
			children = (
				B8C648A619D305EA006785CC /* Base */,
			);
			name = LaunchScreen.xib;
			sourceTree = "<group>";
		};
/* End PBXVariantGroup section */

/* Begin XCBuildConfiguration section */
		B8C648B419D305EA006785CC /* Debug */ = {
			isa = XCBuildConfiguration;
			buildSettings = {
				ALWAYS_SEARCH_USER_PATHS = NO;
				CLANG_CXX_LANGUAGE_STANDARD = "gnu++0x";
				CLANG_CXX_LIBRARY = "libc++";
				CLANG_ENABLE_MODULES = YES;
				CLANG_ENABLE_OBJC_ARC = YES;
				CLANG_WARN_BOOL_CONVERSION = YES;
				CLANG_WARN_CONSTANT_CONVERSION = YES;
				CLANG_WARN_DIRECT_OBJC_ISA_USAGE = YES_ERROR;
				CLANG_WARN_EMPTY_BODY = YES;
				CLANG_WARN_ENUM_CONVERSION = YES;
				CLANG_WARN_INT_CONVERSION = YES;
				CLANG_WARN_OBJC_ROOT_CLASS = YES_ERROR;
				CLANG_WARN_UNREACHABLE_CODE = YES;
				CLANG_WARN__DUPLICATE_METHOD_MATCH = YES;
				"CODE_SIGN_IDENTITY[sdk=iphoneos*]" = "iPhone Developer";
				COPY_PHASE_STRIP = NO;
				ENABLE_STRICT_OBJC_MSGSEND = YES;
				ENABLE_TESTABILITY = YES;
				GCC_C_LANGUAGE_STANDARD = gnu99;
				GCC_DYNAMIC_NO_PIC = NO;
				GCC_OPTIMIZATION_LEVEL = 0;
				GCC_PREPROCESSOR_DEFINITIONS = (
					"DEBUG=1",
					"$(inherited)",
				);
				GCC_SYMBOLS_PRIVATE_EXTERN = NO;
				GCC_WARN_64_TO_32_BIT_CONVERSION = YES;
				GCC_WARN_ABOUT_RETURN_TYPE = YES_ERROR;
				GCC_WARN_UNDECLARED_SELECTOR = YES;
				GCC_WARN_UNINITIALIZED_AUTOS = YES_AGGRESSIVE;
				GCC_WARN_UNUSED_FUNCTION = YES;
				GCC_WARN_UNUSED_VARIABLE = YES;
				IPHONEOS_DEPLOYMENT_TARGET = 8.0;
				MTL_ENABLE_DEBUG_INFO = YES;
				ONLY_ACTIVE_ARCH = YES;
				SDKROOT = iphoneos;
				SWIFT_OPTIMIZATION_LEVEL = "-Onone";
			};
			name = Debug;
		};
		B8C648B519D305EA006785CC /* Release */ = {
			isa = XCBuildConfiguration;
			buildSettings = {
				ALWAYS_SEARCH_USER_PATHS = NO;
				CLANG_CXX_LANGUAGE_STANDARD = "gnu++0x";
				CLANG_CXX_LIBRARY = "libc++";
				CLANG_ENABLE_MODULES = YES;
				CLANG_ENABLE_OBJC_ARC = YES;
				CLANG_WARN_BOOL_CONVERSION = YES;
				CLANG_WARN_CONSTANT_CONVERSION = YES;
				CLANG_WARN_DIRECT_OBJC_ISA_USAGE = YES_ERROR;
				CLANG_WARN_EMPTY_BODY = YES;
				CLANG_WARN_ENUM_CONVERSION = YES;
				CLANG_WARN_INT_CONVERSION = YES;
				CLANG_WARN_OBJC_ROOT_CLASS = YES_ERROR;
				CLANG_WARN_UNREACHABLE_CODE = YES;
				CLANG_WARN__DUPLICATE_METHOD_MATCH = YES;
				"CODE_SIGN_IDENTITY[sdk=iphoneos*]" = "iPhone Developer";
				COPY_PHASE_STRIP = YES;
				ENABLE_NS_ASSERTIONS = NO;
				ENABLE_STRICT_OBJC_MSGSEND = YES;
				GCC_C_LANGUAGE_STANDARD = gnu99;
				GCC_WARN_64_TO_32_BIT_CONVERSION = YES;
				GCC_WARN_ABOUT_RETURN_TYPE = YES_ERROR;
				GCC_WARN_UNDECLARED_SELECTOR = YES;
				GCC_WARN_UNINITIALIZED_AUTOS = YES_AGGRESSIVE;
				GCC_WARN_UNUSED_FUNCTION = YES;
				GCC_WARN_UNUSED_VARIABLE = YES;
				IPHONEOS_DEPLOYMENT_TARGET = 8.0;
				MTL_ENABLE_DEBUG_INFO = NO;
				SDKROOT = iphoneos;
				VALIDATE_PRODUCT = YES;
			};
			name = Release;
		};
		B8C648B719D305EA006785CC /* Debug */ = {
			isa = XCBuildConfiguration;
			buildSettings = {
				ASSETCATALOG_COMPILER_APPICON_NAME = AppIcon;
				CLANG_ENABLE_MODULES = YES;
				INFOPLIST_FILE = SwiftLazyLoading/Info.plist;
				LD_RUNPATH_SEARCH_PATHS = "$(inherited) @executable_path/Frameworks";
				PRODUCT_BUNDLE_IDENTIFIER = "com.examples.$(PRODUCT_NAME:rfc1034identifier)";
				PRODUCT_NAME = "$(TARGET_NAME)";
				SWIFT_OBJC_BRIDGING_HEADER = "SwiftLazyLoading/SwiftLazyLoading-Bridging-Header.h";
				SWIFT_OPTIMIZATION_LEVEL = "-Onone";
			};
			name = Debug;
		};
		B8C648B819D305EA006785CC /* Release */ = {
			isa = XCBuildConfiguration;
			buildSettings = {
				ASSETCATALOG_COMPILER_APPICON_NAME = AppIcon;
				CLANG_ENABLE_MODULES = YES;
				INFOPLIST_FILE = SwiftLazyLoading/Info.plist;
				LD_RUNPATH_SEARCH_PATHS = "$(inherited) @executable_path/Frameworks";
				PRODUCT_BUNDLE_IDENTIFIER = "com.examples.$(PRODUCT_NAME:rfc1034identifier)";
				PRODUCT_NAME = "$(TARGET_NAME)";
				SWIFT_OBJC_BRIDGING_HEADER = "SwiftLazyLoading/SwiftLazyLoading-Bridging-Header.h";
			};
			name = Release;
		};
		B8C648BA19D305EA006785CC /* Debug */ = {
			isa = XCBuildConfiguration;
			buildSettings = {
				BUNDLE_LOADER = "$(TEST_HOST)";
				FRAMEWORK_SEARCH_PATHS = (
					"$(SDKROOT)/Developer/Library/Frameworks",
					"$(inherited)",
				);
				GCC_PREPROCESSOR_DEFINITIONS = (
					"DEBUG=1",
					"$(inherited)",
				);
				INFOPLIST_FILE = SwiftLazyLoadingTests/Info.plist;
				LD_RUNPATH_SEARCH_PATHS = "$(inherited) @executable_path/Frameworks @loader_path/Frameworks";
				PRODUCT_BUNDLE_IDENTIFIER = "com.examples.$(PRODUCT_NAME:rfc1034identifier)";
				PRODUCT_NAME = "$(TARGET_NAME)";
				TEST_HOST = "$(BUILT_PRODUCTS_DIR)/SwiftLazyLoading.app/SwiftLazyLoading";
			};
			name = Debug;
		};
		B8C648BB19D305EA006785CC /* Release */ = {
			isa = XCBuildConfiguration;
			buildSettings = {
				BUNDLE_LOADER = "$(TEST_HOST)";
				FRAMEWORK_SEARCH_PATHS = (
					"$(SDKROOT)/Developer/Library/Frameworks",
					"$(inherited)",
				);
				INFOPLIST_FILE = SwiftLazyLoadingTests/Info.plist;
				LD_RUNPATH_SEARCH_PATHS = "$(inherited) @executable_path/Frameworks @loader_path/Frameworks";
				PRODUCT_BUNDLE_IDENTIFIER = "com.examples.$(PRODUCT_NAME:rfc1034identifier)";
				PRODUCT_NAME = "$(TARGET_NAME)";
				TEST_HOST = "$(BUILT_PRODUCTS_DIR)/SwiftLazyLoading.app/SwiftLazyLoading";
			};
			name = Release;
		};
/* End XCBuildConfiguration section */

/* Begin XCConfigurationList section */
		B8C6489219D305EA006785CC /* Build configuration list for PBXProject "SwiftLazyLoading" */ = {
			isa = XCConfigurationList;
			buildConfigurations = (
				B8C648B419D305EA006785CC /* Debug */,
				B8C648B519D305EA006785CC /* Release */,
			);
			defaultConfigurationIsVisible = 0;
			defaultConfigurationName = Release;
		};
		B8C648B619D305EA006785CC /* Build configuration list for PBXNativeTarget "SwiftLazyLoading" */ = {
			isa = XCConfigurationList;
			buildConfigurations = (
				B8C648B719D305EA006785CC /* Debug */,
				B8C648B819D305EA006785CC /* Release */,
			);
			defaultConfigurationIsVisible = 0;
			defaultConfigurationName = Release;
		};
		B8C648B919D305EA006785CC /* Build configuration list for PBXNativeTarget "SwiftLazyLoadingTests" */ = {
			isa = XCConfigurationList;
			buildConfigurations = (
				B8C648BA19D305EA006785CC /* Debug */,
				B8C648BB19D305EA006785CC /* Release */,
			);
			defaultConfigurationIsVisible = 0;
			defaultConfigurationName = Release;
		};
/* End XCConfigurationList section */
	};
	rootObject = B8C6488F19D305EA006785CC /* Project object */;
}
